dependencies:
- name: cert-manager
  repository: https://charts.jetstack.io
  version: v1.20.2
- name: traefik
  repository: https://traefik.github.io/charts
  version: 40.2.0
- name: kube-monkey
  repository: https://asobti.github.io/kube-monkey/charts/repo
  version: 1.5.2
- name: opentelemetry-collector
  repository: https://open-telemetry.github.io/opentelemetry-helm-charts
  version: 0.156.2
- name: gotenberg
  repository: https://maikumori.github.io/helm-charts/
  version: 1.21.0
- name: kubernetes-mcp-server
  repository: oci://ghcr.io/containers/charts
  version: 0.1.0
- name: keycloakx
  repository: https://codecentric.github.io/helm-charts
  version: 7.2.0
digest: sha256:ec0a0262ff7c68b1a958dd662988f8ce4bea8561bb3b423e4528052c9e118f9f
generated: "2026-05-27T18:27:19.615798183+05:30"
