dependencies:
- name: cert-manager
  repository: https://charts.jetstack.io
  version: v1.19.1
- name: ingress-nginx
  repository: https://kubernetes.github.io/ingress-nginx
  version: 4.14.0
- name: kube-monkey
  repository: https://asobti.github.io/kube-monkey/charts/repo
  version: 1.5.2
- name: opentelemetry-collector
  repository: https://open-telemetry.github.io/opentelemetry-helm-charts
  version: 0.141.1
digest: sha256:f9cf1b9a6dca1a2ccbb0f6dc8ef345ff7204418d2fb97c914ae22a4fc1cd075f
generated: "2025-12-13T18:56:46.518629989Z"
