dependencies:
- name: cert-manager
  repository: https://charts.jetstack.io
  version: v1.17.2
- name: ingress-nginx
  repository: https://kubernetes.github.io/ingress-nginx
  version: 4.12.2
- name: kube-monkey
  repository: https://asobti.github.io/kube-monkey/charts/repo
  version: 1.5.2
- name: opentelemetry-collector
  repository: https://open-telemetry.github.io/opentelemetry-helm-charts
  version: 0.130.0
digest: sha256:a2cce9ec6131ddc26c1e5c487e1bbee23d9de845101325f308b736174c6543b9
generated: "2025-07-30T20:33:26.413126151Z"
